
Microsoft Visual Studio Solution File, Format Version 12.00
# Visual Studio 15
VisualStudioVersion = 15.0.25807.0
MinimumVisualStudioVersion = 10.0.40219.1
Project("{2150E333-8FDC-42A3-9474-1A3956D46DE8}") = "Engine", "Engine", "{64ABDF6E-27B8-4AA1-B334-9A9B559F81FC}"
EndProject
Project("{2150E333-8FDC-42A3-9474-1A3956D46DE8}") = "Games", "Games", "{EF310361-9377-4B50-91DF-A4B99C7005A5}"
EndProject
Project("{8BC9CEB8-8B4A-11D0-8D11-00A0C91BC942}") = "UE4", "Intermediate\ProjectFiles\UE4.vcxproj", "{ACBDC8ED-94FF-4DFC-B328-28E554B15002}"
EndProject
Project("{8BC9CEB8-8B4A-11D0-8D11-00A0C91BC942}") = "BuildingEscape", "Intermediate\ProjectFiles\BuildingEscape.vcxproj", "{E3E79749-454B-4AAE-8BA0-D763A4E9E048}"
EndProject
Project("{2150E333-8FDC-42A3-9474-1A3956D46DE8}") = "Visualizers", "Visualizers", "{05FB6C8B-8D6C-47E1-9629-505E8EAB4582}"
	ProjectSection(SolutionItems) = preProject
		..\..\..\..\..\Program Files\Epic Games\UE_4.21\Engine\Extras\VisualStudioDebugging\UE4.natvis = ..\..\..\..\..\Program Files\Epic Games\UE_4.21\Engine\Extras\VisualStudioDebugging\UE4.natvis
	EndProjectSection
EndProject
Global
	GlobalSection(SolutionConfigurationPlatforms) = preSolution
		DebugGame Editor|HTML5 = DebugGame Editor|HTML5
		DebugGame Editor|Win32 = DebugGame Editor|Win32
		DebugGame Editor|Win64 = DebugGame Editor|Win64
		DebugGame|HTML5 = DebugGame|HTML5
		DebugGame|Win32 = DebugGame|Win32
		DebugGame|Win64 = DebugGame|Win64
		Development Editor|HTML5 = Development Editor|HTML5
		Development Editor|Win32 = Development Editor|Win32
		Development Editor|Win64 = Development Editor|Win64
		Development|HTML5 = Development|HTML5
		Development|Win32 = Development|Win32
		Development|Win64 = Development|Win64
		Shipping|HTML5 = Shipping|HTML5
		Shipping|Win32 = Shipping|Win32
		Shipping|Win64 = Shipping|Win64
	EndGlobalSection
	GlobalSection(ProjectConfigurationPlatforms) = postSolution
		{ACBDC8ED-94FF-4DFC-B328-28E554B15002}.DebugGame Editor|HTML5.ActiveCfg = BuiltWithUnrealBuildTool|Win32
		{ACBDC8ED-94FF-4DFC-B328-28E554B15002}.DebugGame Editor|Win32.ActiveCfg = BuiltWithUnrealBuildTool|Win32
		{ACBDC8ED-94FF-4DFC-B328-28E554B15002}.DebugGame Editor|Win64.ActiveCfg = BuiltWithUnrealBuildTool|Win32
		{ACBDC8ED-94FF-4DFC-B328-28E554B15002}.DebugGame|HTML5.ActiveCfg = BuiltWithUnrealBuildTool|Win32
		{ACBDC8ED-94FF-4DFC-B328-28E554B15002}.DebugGame|Win32.ActiveCfg = BuiltWithUnrealBuildTool|Win32
		{ACBDC8ED-94FF-4DFC-B328-28E554B15002}.DebugGame|Win64.ActiveCfg = BuiltWithUnrealBuildTool|Win32
		{ACBDC8ED-94FF-4DFC-B328-28E554B15002}.Development Editor|HTML5.ActiveCfg = BuiltWithUnrealBuildTool|Win32
		{ACBDC8ED-94FF-4DFC-B328-28E554B15002}.Development Editor|Win32.ActiveCfg = BuiltWithUnrealBuildTool|Win32
		{ACBDC8ED-94FF-4DFC-B328-28E554B15002}.Development Editor|Win64.ActiveCfg = BuiltWithUnrealBuildTool|Win32
		{ACBDC8ED-94FF-4DFC-B328-28E554B15002}.Development|HTML5.ActiveCfg = BuiltWithUnrealBuildTool|Win32
		{ACBDC8ED-94FF-4DFC-B328-28E554B15002}.Development|Win32.ActiveCfg = BuiltWithUnrealBuildTool|Win32
		{ACBDC8ED-94FF-4DFC-B328-28E554B15002}.Development|Win64.ActiveCfg = BuiltWithUnrealBuildTool|Win32
		{ACBDC8ED-94FF-4DFC-B328-28E554B15002}.Shipping|HTML5.ActiveCfg = BuiltWithUnrealBuildTool|Win32
		{ACBDC8ED-94FF-4DFC-B328-28E554B15002}.Shipping|Win32.ActiveCfg = BuiltWithUnrealBuildTool|Win32
		{ACBDC8ED-94FF-4DFC-B328-28E554B15002}.Shipping|Win64.ActiveCfg = BuiltWithUnrealBuildTool|Win32
		{E3E79749-454B-4AAE-8BA0-D763A4E9E048}.DebugGame Editor|HTML5.ActiveCfg = Invalid|Win32
		{E3E79749-454B-4AAE-8BA0-D763A4E9E048}.DebugGame Editor|Win32.ActiveCfg = Invalid|Win32
		{E3E79749-454B-4AAE-8BA0-D763A4E9E048}.DebugGame Editor|Win64.ActiveCfg = DebugGame_Editor|x64
		{E3E79749-454B-4AAE-8BA0-D763A4E9E048}.DebugGame Editor|Win64.Build.0 = DebugGame_Editor|x64
		{E3E79749-454B-4AAE-8BA0-D763A4E9E048}.DebugGame|HTML5.ActiveCfg = HTML5_DebugGame|Win32
		{E3E79749-454B-4AAE-8BA0-D763A4E9E048}.DebugGame|HTML5.Build.0 = HTML5_DebugGame|Win32
		{E3E79749-454B-4AAE-8BA0-D763A4E9E048}.DebugGame|Win32.ActiveCfg = DebugGame|Win32
		{E3E79749-454B-4AAE-8BA0-D763A4E9E048}.DebugGame|Win32.Build.0 = DebugGame|Win32
		{E3E79749-454B-4AAE-8BA0-D763A4E9E048}.DebugGame|Win64.ActiveCfg = DebugGame|x64
		{E3E79749-454B-4AAE-8BA0-D763A4E9E048}.DebugGame|Win64.Build.0 = DebugGame|x64
		{E3E79749-454B-4AAE-8BA0-D763A4E9E048}.Development Editor|HTML5.ActiveCfg = Invalid|Win32
		{E3E79749-454B-4AAE-8BA0-D763A4E9E048}.Development Editor|Win32.ActiveCfg = Invalid|Win32
		{E3E79749-454B-4AAE-8BA0-D763A4E9E048}.Development Editor|Win64.ActiveCfg = Development_Editor|x64
		{E3E79749-454B-4AAE-8BA0-D763A4E9E048}.Development Editor|Win64.Build.0 = Development_Editor|x64
		{E3E79749-454B-4AAE-8BA0-D763A4E9E048}.Development|HTML5.ActiveCfg = HTML5_Development|Win32
		{E3E79749-454B-4AAE-8BA0-D763A4E9E048}.Development|HTML5.Build.0 = HTML5_Development|Win32
		{E3E79749-454B-4AAE-8BA0-D763A4E9E048}.Development|Win32.ActiveCfg = Development|Win32
		{E3E79749-454B-4AAE-8BA0-D763A4E9E048}.Development|Win32.Build.0 = Development|Win32
		{E3E79749-454B-4AAE-8BA0-D763A4E9E048}.Development|Win64.ActiveCfg = Development|x64
		{E3E79749-454B-4AAE-8BA0-D763A4E9E048}.Development|Win64.Build.0 = Development|x64
		{E3E79749-454B-4AAE-8BA0-D763A4E9E048}.Shipping|HTML5.ActiveCfg = HTML5_Shipping|Win32
		{E3E79749-454B-4AAE-8BA0-D763A4E9E048}.Shipping|HTML5.Build.0 = HTML5_Shipping|Win32
		{E3E79749-454B-4AAE-8BA0-D763A4E9E048}.Shipping|Win32.ActiveCfg = Shipping|Win32
		{E3E79749-454B-4AAE-8BA0-D763A4E9E048}.Shipping|Win32.Build.0 = Shipping|Win32
		{E3E79749-454B-4AAE-8BA0-D763A4E9E048}.Shipping|Win64.ActiveCfg = Shipping|x64
		{E3E79749-454B-4AAE-8BA0-D763A4E9E048}.Shipping|Win64.Build.0 = Shipping|x64
	EndGlobalSection
	GlobalSection(SolutionProperties) = preSolution
		HideSolutionNode = FALSE
	EndGlobalSection
	GlobalSection(NestedProjects) = preSolution
		{ACBDC8ED-94FF-4DFC-B328-28E554B15002} = {64ABDF6E-27B8-4AA1-B334-9A9B559F81FC}
		{E3E79749-454B-4AAE-8BA0-D763A4E9E048} = {EF310361-9377-4B50-91DF-A4B99C7005A5}
	EndGlobalSection
EndGlobal
